
Microsoft Visual Studio Solution File, Format Version 12.00
# Visual Studio Version 17
VisualStudioVersion = 17.7.34031.279
MinimumVisualStudioVersion = 10.0.40219.1
Project("{9A19103F-16F7-4668-BE54-9A1E7A4F7556}") = "Juego_RPG", "Juego_RPG.csproj", "{0D78CF52-E6A1-480E-A8D1-54186156A9B2}"
EndProject
Project("{2150E333-8FDC-42A3-9474-1A3956D46DE8}") = "Solution Items", "Solution Items", "{C1797422-2F7B-4957-B65A-E443CB13BED0}"
	ProjectSection(SolutionItems) = preProject
		Consola.cs = Consola.cs
		Humano.cs = Humano.cs
		Mago.cs = Mago.cs
		Movimientos.cs = Movimientos.cs
		Orco.cs = Orco.cs
	EndProjectSection
EndProject
Global
	GlobalSection(SolutionConfigurationPlatforms) = preSolution
		Debug|Any CPU = Debug|Any CPU
		Release|Any CPU = Release|Any CPU
	EndGlobalSection
	GlobalSection(ProjectConfigurationPlatforms) = postSolution
		{0D78CF52-E6A1-480E-A8D1-54186156A9B2}.Debug|Any CPU.ActiveCfg = Debug|Any CPU
		{0D78CF52-E6A1-480E-A8D1-54186156A9B2}.Debug|Any CPU.Build.0 = Debug|Any CPU
		{0D78CF52-E6A1-480E-A8D1-54186156A9B2}.Release|Any CPU.ActiveCfg = Release|Any CPU
		{0D78CF52-E6A1-480E-A8D1-54186156A9B2}.Release|Any CPU.Build.0 = Release|Any CPU
	EndGlobalSection
	GlobalSection(SolutionProperties) = preSolution
		HideSolutionNode = FALSE
	EndGlobalSection
	GlobalSection(ExtensibilityGlobals) = postSolution
		SolutionGuid = {DEAE1A2F-C933-4732-B821-2B88DC95F436}
	EndGlobalSection
EndGlobal
